
Microsoft Visual Studio Solution File, Format Version 12.00
# Visual Studio Version 17
VisualStudioVersion = 17.2.32519.379
MinimumVisualStudioVersion = 10.0.40219.1
Project("{FAE04EC0-301F-11D3-BF4B-00C04F79EFBC}") = "Epc.Core", "Epc.Core\Epc.Core.csproj", "{6CB7DF44-CACB-4A59-AFCB-967C93FEDE1D}"
EndProject
Project("{FAE04EC0-301F-11D3-BF4B-00C04F79EFBC}") = "Epc.Core.UnitTest", "Epc.Core.UnitTest\Epc.Core.UnitTest.csproj", "{A5155E3C-0849-4B07-8261-CC2908067AC2}"
EndProject
Global
	GlobalSection(SolutionConfigurationPlatforms) = preSolution
		Debug|Any CPU = Debug|Any CPU
		Release|Any CPU = Release|Any CPU
	EndGlobalSection
	GlobalSection(ProjectConfigurationPlatforms) = postSolution
		{6CB7DF44-CACB-4A59-AFCB-967C93FEDE1D}.Debug|Any CPU.ActiveCfg = Debug|Any CPU
		{6CB7DF44-CACB-4A59-AFCB-967C93FEDE1D}.Debug|Any CPU.Build.0 = Debug|Any CPU
		{6CB7DF44-CACB-4A59-AFCB-967C93FEDE1D}.Release|Any CPU.ActiveCfg = Release|Any CPU
		{6CB7DF44-CACB-4A59-AFCB-967C93FEDE1D}.Release|Any CPU.Build.0 = Release|Any CPU
		{A5155E3C-0849-4B07-8261-CC2908067AC2}.Debug|Any CPU.ActiveCfg = Debug|Any CPU
		{A5155E3C-0849-4B07-8261-CC2908067AC2}.Debug|Any CPU.Build.0 = Debug|Any CPU
		{A5155E3C-0849-4B07-8261-CC2908067AC2}.Release|Any CPU.ActiveCfg = Release|Any CPU
		{A5155E3C-0849-4B07-8261-CC2908067AC2}.Release|Any CPU.Build.0 = Release|Any CPU
	EndGlobalSection
	GlobalSection(SolutionProperties) = preSolution
		HideSolutionNode = FALSE
	EndGlobalSection
	GlobalSection(ExtensibilityGlobals) = postSolution
		SolutionGuid = {CECD197A-9FCE-4159-8567-70646FC80F60}
	EndGlobalSection
EndGlobal
